github.com/TheCacophonyProject/lepton3 v0.0.0-20181105002713-24af961474c7 h1:hgawUDcGVaPCkrBPEEtfVfX/rGPJ/CcP5ddUnByeu3o=
github.com/TheCacophonyProject/lepton3 v0.0.0-20181105002713-24af961474c7/go.mod h1:yVwn6AMmsdzeu+tYunw9CYwD8+L8VWCxEACpKxyximU=
github.com/TheCacophonyProject/periph v2.0.1-0.20171006000146-a5370d2227a0+incompatible h1:bAJWG3pnh++laimpcSFBZV/+aKrvsf0OZuHC9+ZyXgU=
github.com/TheCacophonyProject/periph v2.0.1-0.20171006000146-a5370d2227a0+incompatible/go.mod h1:K1wa07sGXKzV0G9p+4R069mZk4GOpqKW8GU6/k+BrIo=
github.com/davecgh/go-spew v1.1.0 h1:ZDRjVQ15GmhC3fiQ8ni8+OwkZQO4DARzQgrnXU1Liz8=
github.com/davecgh/go-spew v1.1.0/go.mod h1:J7Y8YcW2NihsgmVo/mv3lAwl/skON4iLHjSsI+c5H38=
github.com/pmezard/go-difflib v1.0.0 h1:4DBwDE0NGyQoBHbLQYPwSUPoCMWR5BEzIk/f1lZbAQM=
github.com/pmezard/go-difflib v1.0.0/go.mod h1:iKH77koFhYxTK1pcRnkKkqfTogsbg7gZNVY4sRDYZ/4=
github.com/stretchr/testify v1.2.2 h1:bSDNvY7ZPG5RlJ8otE/7V6gMiyenm9RtJ7IUVIAoJ1w=
github.com/stretchr/testify v1.2.2/go.mod h1:a8OnRcib4nhh0OaRAV+Yts87kKdq0PP7pXfy6kDkUVs=
golang.org/x/net v0.0.0-20171004034648-a04bdaca5b32 h1:NjAulLPqFTaOxQu5S4qUMqscSu+mQdu+wMY0nfqSkuk=
golang.org/x/net v0.0.0-20171004034648-a04bdaca5b32/go.mod h1:mL1N/T3taQHkDXs73rZJwtUhF3w3ftmwwsq0BUmARs4=
gopkg.in/tomb.v2 v2.0.0-20161208151619-d5d1b5820637 h1:yiW+nvdHb9LVqSHQBXfZCieqV4fzYhNBql77zY0ykqs=
gopkg.in/tomb.v2 v2.0.0-20161208151619-d5d1b5820637/go.mod h1:BHsqpu/nsuzkT5BpiH1EMZPLyqSMM8JbIavyFACoFNk=
